
Microsoft Visual Studio Solution File, Format Version 12.00
# Visual Studio Version 17
VisualStudioVersion = 17.8.34330.188
MinimumVisualStudioVersion = 10.0.40219.1
Project("{9A19103F-16F7-4668-BE54-9A1E7A4F7556}") = "MIST353GroupProjectFranticFroggyFirms", "MIST353GroupProjectFranticFroggyFirms\MIST353GroupProjectFranticFroggyFirms.csproj", "{90B1BB65-7E5C-4045-87DC-60F9ED4966A1}"
EndProject
Project("{FAE04EC0-301F-11D3-BF4B-00C04F79EFBC}") = "TravelSite", "TravelSite\TravelSite.csproj", "{610EE1C1-78C2-49F7-A013-6584C6678F34}"
EndProject
Global
	GlobalSection(SolutionConfigurationPlatforms) = preSolution
		Debug|Any CPU = Debug|Any CPU
		Release|Any CPU = Release|Any CPU
	EndGlobalSection
	GlobalSection(ProjectConfigurationPlatforms) = postSolution
		{90B1BB65-7E5C-4045-87DC-60F9ED4966A1}.Debug|Any CPU.ActiveCfg = Debug|Any CPU
		{90B1BB65-7E5C-4045-87DC-60F9ED4966A1}.Debug|Any CPU.Build.0 = Debug|Any CPU
		{90B1BB65-7E5C-4045-87DC-60F9ED4966A1}.Release|Any CPU.ActiveCfg = Release|Any CPU
		{90B1BB65-7E5C-4045-87DC-60F9ED4966A1}.Release|Any CPU.Build.0 = Release|Any CPU
		{610EE1C1-78C2-49F7-A013-6584C6678F34}.Debug|Any CPU.ActiveCfg = Debug|Any CPU
		{610EE1C1-78C2-49F7-A013-6584C6678F34}.Debug|Any CPU.Build.0 = Debug|Any CPU
		{610EE1C1-78C2-49F7-A013-6584C6678F34}.Release|Any CPU.ActiveCfg = Release|Any CPU
		{610EE1C1-78C2-49F7-A013-6584C6678F34}.Release|Any CPU.Build.0 = Release|Any CPU
	EndGlobalSection
	GlobalSection(SolutionProperties) = preSolution
		HideSolutionNode = FALSE
	EndGlobalSection
	GlobalSection(ExtensibilityGlobals) = postSolution
		SolutionGuid = {43445010-3891-4BED-B405-5EED419EB3B8}
	EndGlobalSection
EndGlobal
